
Microsoft Visual Studio Solution File, Format Version 12.00
# Visual Studio Version 17
VisualStudioVersion = 17.5.002.0
MinimumVisualStudioVersion = 10.0.40219.1
Project("{9A19103F-16F7-4668-BE54-9A1E7A4F7556}") = "webapi", "webapi.csproj", "{C3C97605-86A8-4AB8-8CC6-601B775FCF70}"
EndProject
Global
	GlobalSection(SolutionConfigurationPlatforms) = preSolution
		Debug|Any CPU = Debug|Any CPU
		Release|Any CPU = Release|Any CPU
	EndGlobalSection
	GlobalSection(ProjectConfigurationPlatforms) = postSolution
		{C3C97605-86A8-4AB8-8CC6-601B775FCF70}.Debug|Any CPU.ActiveCfg = Debug|Any CPU
		{C3C97605-86A8-4AB8-8CC6-601B775FCF70}.Debug|Any CPU.Build.0 = Debug|Any CPU
		{C3C97605-86A8-4AB8-8CC6-601B775FCF70}.Release|Any CPU.ActiveCfg = Release|Any CPU
		{C3C97605-86A8-4AB8-8CC6-601B775FCF70}.Release|Any CPU.Build.0 = Release|Any CPU
	EndGlobalSection
	GlobalSection(SolutionProperties) = preSolution
		HideSolutionNode = FALSE
	EndGlobalSection
	GlobalSection(ExtensibilityGlobals) = postSolution
		SolutionGuid = {F60EBF3C-6CD8-41CC-965A-5DB3E5595C58}
	EndGlobalSection
EndGlobal
